// !$*UTF8*$!
{
	archiveVersion = 1;
	classes = {
	};
	objectVersion = 46;
	objects = {

/* Begin PBXBuildFile section */
		DB1D418D176A3D53006E4B23 /* btnReload.png in Resources */ = {isa = PBXBuildFile; fileRef = DB1D418C176A3D53006E4B23 /* btnReload.png */; };
		DB2DA3C1170214F10001BB87 /* UIKit.framework in Frameworks */ = {isa = PBXBuildFile; fileRef = DB2DA3C0170214F10001BB87 /* UIKit.framework */; };
		DB2DA3C3170214F10001BB87 /* Foundation.framework in Frameworks */ = {isa = PBXBuildFile; fileRef = DB2DA3C2170214F10001BB87 /* Foundation.framework */; };
		DB2DA3C5170214F10001BB87 /* CoreGraphics.framework in Frameworks */ = {isa = PBXBuildFile; fileRef = DB2DA3C4170214F10001BB87 /* CoreGraphics.framework */; };
		DB2DA3CB170214F10001BB87 /* InfoPlist.strings in Resources */ = {isa = PBXBuildFile; fileRef = DB2DA3C9170214F10001BB87 /* InfoPlist.strings */; };
		DB2DA3CD170214F10001BB87 /* main.m in Sources */ = {isa = PBXBuildFile; fileRef = DB2DA3CC170214F10001BB87 /* main.m */; };
		DB2DA3D1170214F10001BB87 /* AppDelegate.m in Sources */ = {isa = PBXBuildFile; fileRef = DB2DA3D0170214F10001BB87 /* AppDelegate.m */; };
		DB2DA3DA170214F10001BB87 /* ViewController.m in Sources */ = {isa = PBXBuildFile; fileRef = DB2DA3D9170214F10001BB87 /* ViewController.m */; };
		DB2DA3DD170214F10001BB87 /* ViewController.xib in Resources */ = {isa = PBXBuildFile; fileRef = DB2DA3DB170214F10001BB87 /* ViewController.xib */; };
		DB2DA3F2170216430001BB87 /* notes.html in Resources */ = {isa = PBXBuildFile; fileRef = DB2DA3F0170216430001BB87 /* notes.html */; };
		DB2DA3F3170216430001BB87 /* summary.html in Resources */ = {isa = PBXBuildFile; fileRef = DB2DA3F1170216430001BB87 /* summary.html */; };
		DB2DA40A1702167F0001BB87 /* OLYMPUS_SL_MST.mp3 in Resources */ = {isa = PBXBuildFile; fileRef = DB2DA4091702167F0001BB87 /* OLYMPUS_SL_MST.mp3 */; };
		DB2DA41D1702168A0001BB87 /* OA_logo_black_topbar.png in Resources */ = {isa = PBXBuildFile; fileRef = DB2DA40B1702168A0001BB87 /* OA_logo_black_topbar.png */; };
		DB2DA41E1702168A0001BB87 /* btnCloseX.png in Resources */ = {isa = PBXBuildFile; fileRef = DB2DA40C1702168A0001BB87 /* btnCloseX.png */; };
		DB2DA41F1702168A0001BB87 /* btnAccount.png in Resources */ = {isa = PBXBuildFile; fileRef = DB2DA40D1702168A0001BB87 /* btnAccount.png */; };
		DB2DA4201702168A0001BB87 /* OA_img_logo_pdf.png in Resources */ = {isa = PBXBuildFile; fileRef = DB2DA40E1702168A0001BB87 /* OA_img_logo_pdf.png */; };
		DB2DA4211702168A0001BB87 /* btnCalculator.png in Resources */ = {isa = PBXBuildFile; fileRef = DB2DA40F1702168A0001BB87 /* btnCalculator.png */; };
		DB2DA4221702168A0001BB87 /* btnSummary.png in Resources */ = {isa = PBXBuildFile; fileRef = DB2DA4101702168A0001BB87 /* btnSummary.png */; };
		DB2DA4231702168A0001BB87 /* btnCancelNormal.png in Resources */ = {isa = PBXBuildFile; fileRef = DB2DA4111702168A0001BB87 /* btnCancelNormal.png */; };
		DB2DA4241702168A0001BB87 /* btnCancelHighlight.png in Resources */ = {isa = PBXBuildFile; fileRef = DB2DA4121702168A0001BB87 /* btnCancelHighlight.png */; };
		DB2DA4251702168A0001BB87 /* btnSubmitHighlight.png in Resources */ = {isa = PBXBuildFile; fileRef = DB2DA4131702168A0001BB87 /* btnSubmitHighlight.png */; };
		DB2DA4261702168A0001BB87 /* btnSubmitNormal.png in Resources */ = {isa = PBXBuildFile; fileRef = DB2DA4141702168A0001BB87 /* btnSubmitNormal.png */; };
		DB2DA4271702168A0001BB87 /* mailBand.png in Resources */ = {isa = PBXBuildFile; fileRef = DB2DA4151702168A0001BB87 /* mailBand.png */; };
		DB2DA4281702168A0001BB87 /* btnEmail.png in Resources */ = {isa = PBXBuildFile; fileRef = DB2DA4161702168A0001BB87 /* btnEmail.png */; };
		DB2DA4291702168A0001BB87 /* btnCloseHighlight.png in Resources */ = {isa = PBXBuildFile; fileRef = DB2DA4171702168A0001BB87 /* btnCloseHighlight.png */; };
		DB2DA42A1702168A0001BB87 /* btnCloseNormal.png in Resources */ = {isa = PBXBuildFile; fileRef = DB2DA4181702168A0001BB87 /* btnCloseNormal.png */; };
		DB2DA42B1702168A0001BB87 /* btnOkayNormal.png in Resources */ = {isa = PBXBuildFile; fileRef = DB2DA4191702168A0001BB87 /* btnOkayNormal.png */; };
		DB2DA42C1702168A0001BB87 /* btnOkayHighlight.png in Resources */ = {isa = PBXBuildFile; fileRef = DB2DA41A1702168A0001BB87 /* btnOkayHighlight.png */; };
		DB2DA42D1702168A0001BB87 /* imgTitle.png in Resources */ = {isa = PBXBuildFile; fileRef = DB2DA41B1702168A0001BB87 /* imgTitle.png */; };
		DB2DA42E1702168A0001BB87 /* OA_img_logo_iPadOptimized.png in Resources */ = {isa = PBXBuildFile; fileRef = DB2DA41C1702168A0001BB87 /* OA_img_logo_iPadOptimized.png */; };
		DB2DA42F170216B60001BB87 /* OAI_SplashScreen.m in Sources */ = {isa = PBXBuildFile; fileRef = DB2DA3F61702165A0001BB87 /* OAI_SplashScreen.m */; };
		DB2DA430170216B60001BB87 /* OAI_StringManager.m in Sources */ = {isa = PBXBuildFile; fileRef = DB2DA3FE170216750001BB87 /* OAI_StringManager.m */; };
		DB2DA431170216B60001BB87 /* OAI_MailManager.m in Sources */ = {isa = PBXBuildFile; fileRef = DB2DA400170216750001BB87 /* OAI_MailManager.m */; };
		DB2DA432170216B60001BB87 /* OAI_PDFManager.m in Sources */ = {isa = PBXBuildFile; fileRef = DB2DA402170216750001BB87 /* OAI_PDFManager.m */; };
		DB2DA433170216B60001BB87 /* OAI_AlertScreen.m in Sources */ = {isa = PBXBuildFile; fileRef = DB2DA404170216750001BB87 /* OAI_AlertScreen.m */; };
		DB2DA434170216B60001BB87 /* OAI_FileManager.m in Sources */ = {isa = PBXBuildFile; fileRef = DB2DA406170216750001BB87 /* OAI_FileManager.m */; };
		DB2DA435170216B60001BB87 /* OAI_ColorManager.m in Sources */ = {isa = PBXBuildFile; fileRef = DB2DA408170216750001BB87 /* OAI_ColorManager.m */; };
		DB2DA436170216B60001BB87 /* OAI_Account.m in Sources */ = {isa = PBXBuildFile; fileRef = DB2DA3F8170216650001BB87 /* OAI_Account.m */; };
		DB2DA437170216B60001BB87 /* OAI_TextField.m in Sources */ = {isa = PBXBuildFile; fileRef = DB2DA3FA170216650001BB87 /* OAI_TextField.m */; };
		DB2DA438170216B60001BB87 /* OAI_Label.m in Sources */ = {isa = PBXBuildFile; fileRef = DB2DA3FC170216650001BB87 /* OAI_Label.m */; };
		DB2DA43A170216BE0001BB87 /* AVFoundation.framework in Frameworks */ = {isa = PBXBuildFile; fileRef = DB2DA439170216BE0001BB87 /* AVFoundation.framework */; };
		DB2DA43C170216C40001BB87 /* MessageUI.framework in Frameworks */ = {isa = PBXBuildFile; fileRef = DB2DA43B170216C40001BB87 /* MessageUI.framework */; };
		DB2DA43E170216CB0001BB87 /* QuartzCore.framework in Frameworks */ = {isa = PBXBuildFile; fileRef = DB2DA43D170216CB0001BB87 /* QuartzCore.framework */; };
		DB43D269170B61A800B5BA83 /* ebusCalculator.png in Resources */ = {isa = PBXBuildFile; fileRef = DBE784981705F8920075FBB4 /* ebusCalculator.png */; };
		DB43D26A170B61B000B5BA83 /* ebusCalculator@2x.png in Resources */ = {isa = PBXBuildFile; fileRef = DBE7849A1705F8940075FBB4 /* ebusCalculator@2x.png */; };
		DBBF85A31716F531004CB92B /* Default-Portrait~ipad.png in Resources */ = {isa = PBXBuildFile; fileRef = DBBF85A21716F531004CB92B /* Default-Portrait~ipad.png */; };
		DBBF85A51716F537004CB92B /* Default-Portrait@2x~ipad.png in Resources */ = {isa = PBXBuildFile; fileRef = DBBF85A41716F537004CB92B /* Default-Portrait@2x~ipad.png */; };
		DBC21BF2176B5A5200465E0F /* btnHome.png in Resources */ = {isa = PBXBuildFile; fileRef = DBC21BF1176B5A5200465E0F /* btnHome.png */; };
		DBE7849D1705FABC0075FBB4 /* OAI_endoscopeinlung.png in Resources */ = {isa = PBXBuildFile; fileRef = DBE7849C1705FABC0075FBB4 /* OAI_endoscopeinlung.png */; };
/* End PBXBuildFile section */

/* Begin PBXFileReference section */
		DB1D418C176A3D53006E4B23 /* btnReload.png */ = {isa = PBXFileReference; lastKnownFileType = image.png; path = btnReload.png; sourceTree = "<group>"; };
		DB2DA3BD170214F10001BB87 /* ebus.app */ = {isa = PBXFileReference; explicitFileType = wrapper.application; includeInIndex = 0; path = ebus.app; sourceTree = BUILT_PRODUCTS_DIR; };
		DB2DA3C0170214F10001BB87 /* UIKit.framework */ = {isa = PBXFileReference; lastKnownFileType = wrapper.framework; name = UIKit.framework; path = System/Library/Frameworks/UIKit.framework; sourceTree = SDKROOT; };
		DB2DA3C2170214F10001BB87 /* Foundation.framework */ = {isa = PBXFileReference; lastKnownFileType = wrapper.framework; name = Foundation.framework; path = System/Library/Frameworks/Foundation.framework; sourceTree = SDKROOT; };
		DB2DA3C4170214F10001BB87 /* CoreGraphics.framework */ = {isa = PBXFileReference; lastKnownFileType = wrapper.framework; name = CoreGraphics.framework; path = System/Library/Frameworks/CoreGraphics.framework; sourceTree = SDKROOT; };
		DB2DA3C8170214F10001BB87 /* ebus-Info.plist */ = {isa = PBXFileReference; lastKnownFileType = text.plist.xml; path = "ebus-Info.plist"; sourceTree = "<group>"; };
		DB2DA3CA170214F10001BB87 /* en */ = {isa = PBXFileReference; lastKnownFileType = text.plist.strings; name = en; path = en.lproj/InfoPlist.strings; sourceTree = "<group>"; };
		DB2DA3CC170214F10001BB87 /* main.m */ = {isa = PBXFileReference; lastKnownFileType = sourcecode.c.objc; path = main.m; sourceTree = "<group>"; };
		DB2DA3CE170214F10001BB87 /* ebus-Prefix.pch */ = {isa = PBXFileReference; lastKnownFileType = sourcecode.c.h; path = "ebus-Prefix.pch"; sourceTree = "<group>"; };
		DB2DA3CF170214F10001BB87 /* AppDelegate.h */ = {isa = PBXFileReference; lastKnownFileType = sourcecode.c.h; path = AppDelegate.h; sourceTree = "<group>"; };
		DB2DA3D0170214F10001BB87 /* AppDelegate.m */ = {isa = PBXFileReference; lastKnownFileType = sourcecode.c.objc; path = AppDelegate.m; sourceTree = "<group>"; };
		DB2DA3D8170214F10001BB87 /* ViewController.h */ = {isa = PBXFileReference; lastKnownFileType = sourcecode.c.h; path = ViewController.h; sourceTree = "<group>"; };
		DB2DA3D9170214F10001BB87 /* ViewController.m */ = {isa = PBXFileReference; lastKnownFileType = sourcecode.c.objc; path = ViewController.m; sourceTree = "<group>"; };
		DB2DA3DC170214F10001BB87 /* en */ = {isa = PBXFileReference; lastKnownFileType = file.xib; name = en; path = en.lproj/ViewController.xib; sourceTree = "<group>"; };
		DB2DA3F0170216430001BB87 /* notes.html */ = {isa = PBXFileReference; fileEncoding = 4; lastKnownFileType = text.html; path = notes.html; sourceTree = "<group>"; };
		DB2DA3F1170216430001BB87 /* summary.html */ = {isa = PBXFileReference; fileEncoding = 4; lastKnownFileType = text.html; path = summary.html; sourceTree = "<group>"; };
		DB2DA3F51702165A0001BB87 /* OAI_SplashScreen.h */ = {isa = PBXFileReference; lastKnownFileType = sourcecode.c.h; path = OAI_SplashScreen.h; sourceTree = "<group>"; };
		DB2DA3F61702165A0001BB87 /* OAI_SplashScreen.m */ = {isa = PBXFileReference; lastKnownFileType = sourcecode.c.objc; path = OAI_SplashScreen.m; sourceTree = "<group>"; };
		DB2DA3F7170216650001BB87 /* OAI_Account.h */ = {isa = PBXFileReference; lastKnownFileType = sourcecode.c.h; path = OAI_Account.h; sourceTree = "<group>"; };
		DB2DA3F8170216650001BB87 /* OAI_Account.m */ = {isa = PBXFileReference; lastKnownFileType = sourcecode.c.objc; path = OAI_Account.m; sourceTree = "<group>"; };
		DB2DA3F9170216650001BB87 /* OAI_TextField.h */ = {isa = PBXFileReference; lastKnownFileType = sourcecode.c.h; path = OAI_TextField.h; sourceTree = "<group>"; };
		DB2DA3FA170216650001BB87 /* OAI_TextField.m */ = {isa = PBXFileReference; lastKnownFileType = sourcecode.c.objc; path = OAI_TextField.m; sourceTree = "<group>"; };
		DB2DA3FB170216650001BB87 /* OAI_Label.h */ = {isa = PBXFileReference; lastKnownFileType = sourcecode.c.h; path = OAI_Label.h; sourceTree = "<group>"; };
		DB2DA3FC170216650001BB87 /* OAI_Label.m */ = {isa = PBXFileReference; lastKnownFileType = sourcecode.c.objc; path = OAI_Label.m; sourceTree = "<group>"; };
		DB2DA3FD170216750001BB87 /* OAI_StringManager.h */ = {isa = PBXFileReference; lastKnownFileType = sourcecode.c.h; path = OAI_StringManager.h; sourceTree = "<group>"; };
		DB2DA3FE170216750001BB87 /* OAI_StringManager.m */ = {isa = PBXFileReference; lastKnownFileType = sourcecode.c.objc; path = OAI_StringManager.m; sourceTree = "<group>"; };
		DB2DA3FF170216750001BB87 /* OAI_MailManager.h */ = {isa = PBXFileReference; lastKnownFileType = sourcecode.c.h; path = OAI_MailManager.h; sourceTree = "<group>"; };
		DB2DA400170216750001BB87 /* OAI_MailManager.m */ = {isa = PBXFileReference; lastKnownFileType = sourcecode.c.objc; path = OAI_MailManager.m; sourceTree = "<group>"; };
		DB2DA401170216750001BB87 /* OAI_PDFManager.h */ = {isa = PBXFileReference; lastKnownFileType = sourcecode.c.h; path = OAI_PDFManager.h; sourceTree = "<group>"; };
		DB2DA402170216750001BB87 /* OAI_PDFManager.m */ = {isa = PBXFileReference; lastKnownFileType = sourcecode.c.objc; path = OAI_PDFManager.m; sourceTree = "<group>"; };
		DB2DA403170216750001BB87 /* OAI_AlertScreen.h */ = {isa = PBXFileReference; lastKnownFileType = sourcecode.c.h; path = OAI_AlertScreen.h; sourceTree = "<group>"; };
		DB2DA404170216750001BB87 /* OAI_AlertScreen.m */ = {isa = PBXFileReference; lastKnownFileType = sourcecode.c.objc; path = OAI_AlertScreen.m; sourceTree = "<group>"; };
		DB2DA405170216750001BB87 /* OAI_FileManager.h */ = {isa = PBXFileReference; lastKnownFileType = sourcecode.c.h; path = OAI_FileManager.h; sourceTree = "<group>"; };
		DB2DA406170216750001BB87 /* OAI_FileManager.m */ = {isa = PBXFileReference; lastKnownFileType = sourcecode.c.objc; path = OAI_FileManager.m; sourceTree = "<group>"; };
		DB2DA407170216750001BB87 /* OAI_ColorManager.h */ = {isa = PBXFileReference; lastKnownFileType = sourcecode.c.h; path = OAI_ColorManager.h; sourceTree = "<group>"; };
		DB2DA408170216750001BB87 /* OAI_ColorManager.m */ = {isa = PBXFileReference; lastKnownFileType = sourcecode.c.objc; path = OAI_ColorManager.m; sourceTree = "<group>"; };
		DB2DA4091702167F0001BB87 /* OLYMPUS_SL_MST.mp3 */ = {isa = PBXFileReference; lastKnownFileType = audio.mp3; path = OLYMPUS_SL_MST.mp3; sourceTree = "<group>"; };
		DB2DA40B1702168A0001BB87 /* OA_logo_black_topbar.png */ = {isa = PBXFileReference; lastKnownFileType = image.png; path = OA_logo_black_topbar.png; sourceTree = "<group>"; };
		DB2DA40C1702168A0001BB87 /* btnCloseX.png */ = {isa = PBXFileReference; lastKnownFileType = image.png; path = btnCloseX.png; sourceTree = "<group>"; };
		DB2DA40D1702168A0001BB87 /* btnAccount.png */ = {isa = PBXFileReference; lastKnownFileType = image.png; path = btnAccount.png; sourceTree = "<group>"; };
		DB2DA40E1702168A0001BB87 /* OA_img_logo_pdf.png */ = {isa = PBXFileReference; lastKnownFileType = image.png; path = OA_img_logo_pdf.png; sourceTree = "<group>"; };
		DB2DA40F1702168A0001BB87 /* btnCalculator.png */ = {isa = PBXFileReference; lastKnownFileType = image.png; path = btnCalculator.png; sourceTree = "<group>"; };
		DB2DA4101702168A0001BB87 /* btnSummary.png */ = {isa = PBXFileReference; lastKnownFileType = image.png; path = btnSummary.png; sourceTree = "<group>"; };
		DB2DA4111702168A0001BB87 /* btnCancelNormal.png */ = {isa = PBXFileReference; lastKnownFileType = image.png; path = btnCancelNormal.png; sourceTree = "<group>"; };
		DB2DA4121702168A0001BB87 /* btnCancelHighlight.png */ = {isa = PBXFileReference; lastKnownFileType = image.png; path = btnCancelHighlight.png; sourceTree = "<group>"; };
		DB2DA4131702168A0001BB87 /* btnSubmitHighlight.png */ = {isa = PBXFileReference; lastKnownFileType = image.png; path = btnSubmitHighlight.png; sourceTree = "<group>"; };
		DB2DA4141702168A0001BB87 /* btnSubmitNormal.png */ = {isa = PBXFileReference; lastKnownFileType = image.png; path = btnSubmitNormal.png; sourceTree = "<group>"; };
		DB2DA4151702168A0001BB87 /* mailBand.png */ = {isa = PBXFileReference; lastKnownFileType = image.png; path = mailBand.png; sourceTree = "<group>"; };
		DB2DA4161702168A0001BB87 /* btnEmail.png */ = {isa = PBXFileReference; lastKnownFileType = image.png; path = btnEmail.png; sourceTree = "<group>"; };
		DB2DA4171702168A0001BB87 /* btnCloseHighlight.png */ = {isa = PBXFileReference; lastKnownFileType = image.png; path = btnCloseHighlight.png; sourceTree = "<group>"; };
		DB2DA4181702168A0001BB87 /* btnCloseNormal.png */ = {isa = PBXFileReference; lastKnownFileType = image.png; path = btnCloseNormal.png; sourceTree = "<group>"; };
		DB2DA4191702168A0001BB87 /* btnOkayNormal.png */ = {isa = PBXFileReference; lastKnownFileType = image.png; path = btnOkayNormal.png; sourceTree = "<group>"; };
		DB2DA41A1702168A0001BB87 /* btnOkayHighlight.png */ = {isa = PBXFileReference; lastKnownFileType = image.png; path = btnOkayHighlight.png; sourceTree = "<group>"; };
		DB2DA41B1702168A0001BB87 /* imgTitle.png */ = {isa = PBXFileReference; lastKnownFileType = image.png; path = imgTitle.png; sourceTree = "<group>"; };
		DB2DA41C1702168A0001BB87 /* OA_img_logo_iPadOptimized.png */ = {isa = PBXFileReference; lastKnownFileType = image.png; path = OA_img_logo_iPadOptimized.png; sourceTree = "<group>"; };
		DB2DA439170216BE0001BB87 /* AVFoundation.framework */ = {isa = PBXFileReference; lastKnownFileType = wrapper.framework; name = AVFoundation.framework; path = System/Library/Frameworks/AVFoundation.framework; sourceTree = SDKROOT; };
		DB2DA43B170216C40001BB87 /* MessageUI.framework */ = {isa = PBXFileReference; lastKnownFileType = wrapper.framework; name = MessageUI.framework; path = System/Library/Frameworks/MessageUI.framework; sourceTree = SDKROOT; };
		DB2DA43D170216CB0001BB87 /* QuartzCore.framework */ = {isa = PBXFileReference; lastKnownFileType = wrapper.framework; name = QuartzCore.framework; path = System/Library/Frameworks/QuartzCore.framework; sourceTree = SDKROOT; };
		DBBF85A21716F531004CB92B /* Default-Portrait~ipad.png */ = {isa = PBXFileReference; lastKnownFileType = image.png; path = "Default-Portrait~ipad.png"; sourceTree = "<group>"; };
		DBBF85A41716F537004CB92B /* Default-Portrait@2x~ipad.png */ = {isa = PBXFileReference; lastKnownFileType = image.png; path = "Default-Portrait@2x~ipad.png"; sourceTree = "<group>"; };
		DBC21BF1176B5A5200465E0F /* btnHome.png */ = {isa = PBXFileReference; lastKnownFileType = image.png; path = btnHome.png; sourceTree = "<group>"; };
		DBE784981705F8920075FBB4 /* ebusCalculator.png */ = {isa = PBXFileReference; lastKnownFileType = image.png; path = ebusCalculator.png; sourceTree = "<group>"; };
		DBE7849A1705F8940075FBB4 /* ebusCalculator@2x.png */ = {isa = PBXFileReference; lastKnownFileType = image.png; path = "ebusCalculator@2x.png"; sourceTree = "<group>"; };
		DBE7849C1705FABC0075FBB4 /* OAI_endoscopeinlung.png */ = {isa = PBXFileReference; lastKnownFileType = image.png; path = OAI_endoscopeinlung.png; sourceTree = "<group>"; };
/* End PBXFileReference section */

/* Begin PBXFrameworksBuildPhase section */
		DB2DA3BA170214F10001BB87 /* Frameworks */ = {
			isa = PBXFrameworksBuildPhase;
			buildActionMask = 2147483647;
			files = (
				DB2DA43E170216CB0001BB87 /* QuartzCore.framework in Frameworks */,
				DB2DA43C170216C40001BB87 /* MessageUI.framework in Frameworks */,
				DB2DA43A170216BE0001BB87 /* AVFoundation.framework in Frameworks */,
				DB2DA3C1170214F10001BB87 /* UIKit.framework in Frameworks */,
				DB2DA3C3170214F10001BB87 /* Foundation.framework in Frameworks */,
				DB2DA3C5170214F10001BB87 /* CoreGraphics.framework in Frameworks */,
			);
			runOnlyForDeploymentPostprocessing = 0;
		};
/* End PBXFrameworksBuildPhase section */

/* Begin PBXGroup section */
		DB2DA3B4170214F00001BB87 = {
			isa = PBXGroup;
			children = (
				DBBF85A41716F537004CB92B /* Default-Portrait@2x~ipad.png */,
				DBBF85A21716F531004CB92B /* Default-Portrait~ipad.png */,
				DBE7849A1705F8940075FBB4 /* ebusCalculator@2x.png */,
				DBE784981705F8920075FBB4 /* ebusCalculator.png */,
				DB2DA3C6170214F10001BB87 /* ebus */,
				DB2DA3BF170214F10001BB87 /* Frameworks */,
				DB2DA3BE170214F10001BB87 /* Products */,
			);
			sourceTree = "<group>";
		};
		DB2DA3BE170214F10001BB87 /* Products */ = {
			isa = PBXGroup;
			children = (
				DB2DA3BD170214F10001BB87 /* ebus.app */,
			);
			name = Products;
			sourceTree = "<group>";
		};
		DB2DA3BF170214F10001BB87 /* Frameworks */ = {
			isa = PBXGroup;
			children = (
				DB2DA43D170216CB0001BB87 /* QuartzCore.framework */,
				DB2DA43B170216C40001BB87 /* MessageUI.framework */,
				DB2DA439170216BE0001BB87 /* AVFoundation.framework */,
				DB2DA3C0170214F10001BB87 /* UIKit.framework */,
				DB2DA3C2170214F10001BB87 /* Foundation.framework */,
				DB2DA3C4170214F10001BB87 /* CoreGraphics.framework */,
			);
			name = Frameworks;
			sourceTree = "<group>";
		};
		DB2DA3C6170214F10001BB87 /* ebus */ = {
			isa = PBXGroup;
			children = (
				DB2DA3F41702164D0001BB87 /* Screens */,
				DB2DA3EF170216330001BB87 /* Singletons */,
				DB2DA3EE1702162C0001BB87 /* Classes */,
				DB2DA3ED170216270001BB87 /* Images */,
				DB2DA3EC1702161E0001BB87 /* Audio */,
				DB2DA3EB170216170001BB87 /* HTML */,
				DB2DA3CF170214F10001BB87 /* AppDelegate.h */,
				DB2DA3D0170214F10001BB87 /* AppDelegate.m */,
				DB2DA3D8170214F10001BB87 /* ViewController.h */,
				DB2DA3D9170214F10001BB87 /* ViewController.m */,
				DB2DA3DB170214F10001BB87 /* ViewController.xib */,
				DB2DA3C7170214F10001BB87 /* Supporting Files */,
			);
			path = ebus;
			sourceTree = "<group>";
		};
		DB2DA3C7170214F10001BB87 /* Supporting Files */ = {
			isa = PBXGroup;
			children = (
				DB2DA3C8170214F10001BB87 /* ebus-Info.plist */,
				DB2DA3C9170214F10001BB87 /* InfoPlist.strings */,
				DB2DA3CC170214F10001BB87 /* main.m */,
				DB2DA3CE170214F10001BB87 /* ebus-Prefix.pch */,
			);
			name = "Supporting Files";
			sourceTree = "<group>";
		};
		DB2DA3EB170216170001BB87 /* HTML */ = {
			isa = PBXGroup;
			children = (
				DB2DA3F0170216430001BB87 /* notes.html */,
				DB2DA3F1170216430001BB87 /* summary.html */,
			);
			name = HTML;
			sourceTree = "<group>";
		};
		DB2DA3EC1702161E0001BB87 /* Audio */ = {
			isa = PBXGroup;
			children = (
				DB2DA4091702167F0001BB87 /* OLYMPUS_SL_MST.mp3 */,
			);
			name = Audio;
			sourceTree = "<group>";
		};
		DB2DA3ED170216270001BB87 /* Images */ = {
			isa = PBXGroup;
			children = (
				DBC21BF1176B5A5200465E0F /* btnHome.png */,
				DB1D418C176A3D53006E4B23 /* btnReload.png */,
				DBE7849C1705FABC0075FBB4 /* OAI_endoscopeinlung.png */,
				DB2DA40B1702168A0001BB87 /* OA_logo_black_topbar.png */,
				DB2DA40C1702168A0001BB87 /* btnCloseX.png */,
				DB2DA40D1702168A0001BB87 /* btnAccount.png */,
				DB2DA40E1702168A0001BB87 /* OA_img_logo_pdf.png */,
				DB2DA40F1702168A0001BB87 /* btnCalculator.png */,
				DB2DA4101702168A0001BB87 /* btnSummary.png */,
				DB2DA4111702168A0001BB87 /* btnCancelNormal.png */,
				DB2DA4121702168A0001BB87 /* btnCancelHighlight.png */,
				DB2DA4131702168A0001BB87 /* btnSubmitHighlight.png */,
				DB2DA4141702168A0001BB87 /* btnSubmitNormal.png */,
				DB2DA4151702168A0001BB87 /* mailBand.png */,
				DB2DA4161702168A0001BB87 /* btnEmail.png */,
				DB2DA4171702168A0001BB87 /* btnCloseHighlight.png */,
				DB2DA4181702168A0001BB87 /* btnCloseNormal.png */,
				DB2DA4191702168A0001BB87 /* btnOkayNormal.png */,
				DB2DA41A1702168A0001BB87 /* btnOkayHighlight.png */,
				DB2DA41B1702168A0001BB87 /* imgTitle.png */,
				DB2DA41C1702168A0001BB87 /* OA_img_logo_iPadOptimized.png */,
			);
			name = Images;
			sourceTree = "<group>";
		};
		DB2DA3EE1702162C0001BB87 /* Classes */ = {
			isa = PBXGroup;
			children = (
				DB2DA3F7170216650001BB87 /* OAI_Account.h */,
				DB2DA3F8170216650001BB87 /* OAI_Account.m */,
				DB2DA3F9170216650001BB87 /* OAI_TextField.h */,
				DB2DA3FA170216650001BB87 /* OAI_TextField.m */,
				DB2DA3FB170216650001BB87 /* OAI_Label.h */,
				DB2DA3FC170216650001BB87 /* OAI_Label.m */,
			);
			name = Classes;
			sourceTree = "<group>";
		};
		DB2DA3EF170216330001BB87 /* Singletons */ = {
			isa = PBXGroup;
			children = (
				DB2DA3FD170216750001BB87 /* OAI_StringManager.h */,
				DB2DA3FE170216750001BB87 /* OAI_StringManager.m */,
				DB2DA3FF170216750001BB87 /* OAI_MailManager.h */,
				DB2DA400170216750001BB87 /* OAI_MailManager.m */,
				DB2DA401170216750001BB87 /* OAI_PDFManager.h */,
				DB2DA402170216750001BB87 /* OAI_PDFManager.m */,
				DB2DA403170216750001BB87 /* OAI_AlertScreen.h */,
				DB2DA404170216750001BB87 /* OAI_AlertScreen.m */,
				DB2DA405170216750001BB87 /* OAI_FileManager.h */,
				DB2DA406170216750001BB87 /* OAI_FileManager.m */,
				DB2DA407170216750001BB87 /* OAI_ColorManager.h */,
				DB2DA408170216750001BB87 /* OAI_ColorManager.m */,
			);
			name = Singletons;
			sourceTree = "<group>";
		};
		DB2DA3F41702164D0001BB87 /* Screens */ = {
			isa = PBXGroup;
			children = (
				DB2DA3F51702165A0001BB87 /* OAI_SplashScreen.h */,
				DB2DA3F61702165A0001BB87 /* OAI_SplashScreen.m */,
			);
			name = Screens;
			sourceTree = "<group>";
		};
/* End PBXGroup section */

/* Begin PBXNativeTarget section */
		DB2DA3BC170214F10001BB87 /* ebus */ = {
			isa = PBXNativeTarget;
			buildConfigurationList = DB2DA3E0170214F10001BB87 /* Build configuration list for PBXNativeTarget "ebus" */;
			buildPhases = (
				DB2DA3B9170214F10001BB87 /* Sources */,
				DB2DA3BA170214F10001BB87 /* Frameworks */,
				DB2DA3BB170214F10001BB87 /* Resources */,
			);
			buildRules = (
			);
			dependencies = (
			);
			name = ebus;
			productName = ebus;
			productReference = DB2DA3BD170214F10001BB87 /* ebus.app */;
			productType = "com.apple.product-type.application";
		};
/* End PBXNativeTarget section */

/* Begin PBXProject section */
		DB2DA3B5170214F10001BB87 /* Project object */ = {
			isa = PBXProject;
			attributes = {
				CLASSPREFIX = OAI_;
				LastUpgradeCheck = 0460;
				ORGANIZATIONNAME = Olympus;
			};
			buildConfigurationList = DB2DA3B8170214F10001BB87 /* Build configuration list for PBXProject "ebus" */;
			compatibilityVersion = "Xcode 3.2";
			developmentRegion = English;
			hasScannedForEncodings = 0;
			knownRegions = (
				en,
			);
			mainGroup = DB2DA3B4170214F00001BB87;
			productRefGroup = DB2DA3BE170214F10001BB87 /* Products */;
			projectDirPath = "";
			projectRoot = "";
			targets = (
				DB2DA3BC170214F10001BB87 /* ebus */,
			);
		};
/* End PBXProject section */

/* Begin PBXResourcesBuildPhase section */
		DB2DA3BB170214F10001BB87 /* Resources */ = {
			isa = PBXResourcesBuildPhase;
			buildActionMask = 2147483647;
			files = (
				DB2DA3CB170214F10001BB87 /* InfoPlist.strings in Resources */,
				DB2DA3DD170214F10001BB87 /* ViewController.xib in Resources */,
				DB2DA3F2170216430001BB87 /* notes.html in Resources */,
				DB2DA3F3170216430001BB87 /* summary.html in Resources */,
				DB2DA40A1702167F0001BB87 /* OLYMPUS_SL_MST.mp3 in Resources */,
				DB2DA41D1702168A0001BB87 /* OA_logo_black_topbar.png in Resources */,
				DB2DA41E1702168A0001BB87 /* btnCloseX.png in Resources */,
				DB2DA41F1702168A0001BB87 /* btnAccount.png in Resources */,
				DB2DA4201702168A0001BB87 /* OA_img_logo_pdf.png in Resources */,
				DB2DA4211702168A0001BB87 /* btnCalculator.png in Resources */,
				DB2DA4221702168A0001BB87 /* btnSummary.png in Resources */,
				DB2DA4231702168A0001BB87 /* btnCancelNormal.png in Resources */,
				DB2DA4241702168A0001BB87 /* btnCancelHighlight.png in Resources */,
				DB2DA4251702168A0001BB87 /* btnSubmitHighlight.png in Resources */,
				DB2DA4261702168A0001BB87 /* btnSubmitNormal.png in Resources */,
				DB2DA4271702168A0001BB87 /* mailBand.png in Resources */,
				DB2DA4281702168A0001BB87 /* btnEmail.png in Resources */,
				DB2DA4291702168A0001BB87 /* btnCloseHighlight.png in Resources */,
				DB2DA42A1702168A0001BB87 /* btnCloseNormal.png in Resources */,
				DB2DA42B1702168A0001BB87 /* btnOkayNormal.png in Resources */,
				DB2DA42C1702168A0001BB87 /* btnOkayHighlight.png in Resources */,
				DB2DA42D1702168A0001BB87 /* imgTitle.png in Resources */,
				DB2DA42E1702168A0001BB87 /* OA_img_logo_iPadOptimized.png in Resources */,
				DBE7849D1705FABC0075FBB4 /* OAI_endoscopeinlung.png in Resources */,
				DB43D269170B61A800B5BA83 /* ebusCalculator.png in Resources */,
				DB43D26A170B61B000B5BA83 /* ebusCalculator@2x.png in Resources */,
				DBBF85A31716F531004CB92B /* Default-Portrait~ipad.png in Resources */,
				DBBF85A51716F537004CB92B /* Default-Portrait@2x~ipad.png in Resources */,
				DB1D418D176A3D53006E4B23 /* btnReload.png in Resources */,
				DBC21BF2176B5A5200465E0F /* btnHome.png in Resources */,
			);
			runOnlyForDeploymentPostprocessing = 0;
		};
/* End PBXResourcesBuildPhase section */

/* Begin PBXSourcesBuildPhase section */
		DB2DA3B9170214F10001BB87 /* Sources */ = {
			isa = PBXSourcesBuildPhase;
			buildActionMask = 2147483647;
			files = (
				DB2DA42F170216B60001BB87 /* OAI_SplashScreen.m in Sources */,
				DB2DA430170216B60001BB87 /* OAI_StringManager.m in Sources */,
				DB2DA431170216B60001BB87 /* OAI_MailManager.m in Sources */,
				DB2DA432170216B60001BB87 /* OAI_PDFManager.m in Sources */,
				DB2DA433170216B60001BB87 /* OAI_AlertScreen.m in Sources */,
				DB2DA434170216B60001BB87 /* OAI_FileManager.m in Sources */,
				DB2DA435170216B60001BB87 /* OAI_ColorManager.m in Sources */,
				DB2DA436170216B60001BB87 /* OAI_Account.m in Sources */,
				DB2DA437170216B60001BB87 /* OAI_TextField.m in Sources */,
				DB2DA438170216B60001BB87 /* OAI_Label.m in Sources */,
				DB2DA3CD170214F10001BB87 /* main.m in Sources */,
				DB2DA3D1170214F10001BB87 /* AppDelegate.m in Sources */,
				DB2DA3DA170214F10001BB87 /* ViewController.m in Sources */,
			);
			runOnlyForDeploymentPostprocessing = 0;
		};
/* End PBXSourcesBuildPhase section */

/* Begin PBXVariantGroup section */
		DB2DA3C9170214F10001BB87 /* InfoPlist.strings */ = {
			isa = PBXVariantGroup;
			children = (
				DB2DA3CA170214F10001BB87 /* en */,
			);
			name = InfoPlist.strings;
			sourceTree = "<group>";
		};
		DB2DA3DB170214F10001BB87 /* ViewController.xib */ = {
			isa = PBXVariantGroup;
			children = (
				DB2DA3DC170214F10001BB87 /* en */,
			);
			name = ViewController.xib;
			sourceTree = "<group>";
		};
/* End PBXVariantGroup section */

/* Begin XCBuildConfiguration section */
		DB2DA3DE170214F10001BB87 /* Debug */ = {
			isa = XCBuildConfiguration;
			buildSettings = {
				ALWAYS_SEARCH_USER_PATHS = NO;
				CLANG_CXX_LANGUAGE_STANDARD = "gnu++0x";
				CLANG_CXX_LIBRARY = "libc++";
				CLANG_ENABLE_OBJC_ARC = YES;
				CLANG_WARN_CONSTANT_CONVERSION = YES;
				CLANG_WARN_EMPTY_BODY = YES;
				CLANG_WARN_ENUM_CONVERSION = YES;
				CLANG_WARN_INT_CONVERSION = YES;
				CLANG_WARN__DUPLICATE_METHOD_MATCH = YES;
				"CODE_SIGN_IDENTITY[sdk=iphoneos*]" = "iPhone Developer";
				COPY_PHASE_STRIP = NO;
				GCC_C_LANGUAGE_STANDARD = gnu99;
				GCC_DYNAMIC_NO_PIC = NO;
				GCC_OPTIMIZATION_LEVEL = 0;
				GCC_PREPROCESSOR_DEFINITIONS = (
					"DEBUG=1",
					"$(inherited)",
				);
				GCC_SYMBOLS_PRIVATE_EXTERN = NO;
				GCC_WARN_ABOUT_RETURN_TYPE = YES;
				GCC_WARN_UNINITIALIZED_AUTOS = YES;
				GCC_WARN_UNUSED_VARIABLE = YES;
				IPHONEOS_DEPLOYMENT_TARGET = 6.0;
				ONLY_ACTIVE_ARCH = YES;
				SDKROOT = iphoneos;
				TARGETED_DEVICE_FAMILY = 2;
			};
			name = Debug;
		};
		DB2DA3DF170214F10001BB87 /* Release */ = {
			isa = XCBuildConfiguration;
			buildSettings = {
				ALWAYS_SEARCH_USER_PATHS = NO;
				CLANG_CXX_LANGUAGE_STANDARD = "gnu++0x";
				CLANG_CXX_LIBRARY = "libc++";
				CLANG_ENABLE_OBJC_ARC = YES;
				CLANG_WARN_CONSTANT_CONVERSION = YES;
				CLANG_WARN_EMPTY_BODY = YES;
				CLANG_WARN_ENUM_CONVERSION = YES;
				CLANG_WARN_INT_CONVERSION = YES;
				CLANG_WARN__DUPLICATE_METHOD_MATCH = YES;
				"CODE_SIGN_IDENTITY[sdk=iphoneos*]" = "iPhone Developer";
				COPY_PHASE_STRIP = YES;
				GCC_C_LANGUAGE_STANDARD = gnu99;
				GCC_WARN_ABOUT_RETURN_TYPE = YES;
				GCC_WARN_UNINITIALIZED_AUTOS = YES;
				GCC_WARN_UNUSED_VARIABLE = YES;
				IPHONEOS_DEPLOYMENT_TARGET = 6.0;
				OTHER_CFLAGS = "-DNS_BLOCK_ASSERTIONS=1";
				SDKROOT = iphoneos;
				TARGETED_DEVICE_FAMILY = 2;
				VALIDATE_PRODUCT = YES;
			};
			name = Release;
		};
		DB2DA3E1170214F10001BB87 /* Debug */ = {
			isa = XCBuildConfiguration;
			buildSettings = {
				GCC_PRECOMPILE_PREFIX_HEADER = YES;
				GCC_PREFIX_HEADER = "ebus/ebus-Prefix.pch";
				INFOPLIST_FILE = "ebus/ebus-Info.plist";
				IPHONEOS_DEPLOYMENT_TARGET = 6.0;
				PRODUCT_NAME = "$(TARGET_NAME)";
				WRAPPER_EXTENSION = app;
			};
			name = Debug;
		};
		DB2DA3E2170214F10001BB87 /* Release */ = {
			isa = XCBuildConfiguration;
			buildSettings = {
				GCC_PRECOMPILE_PREFIX_HEADER = YES;
				GCC_PREFIX_HEADER = "ebus/ebus-Prefix.pch";
				INFOPLIST_FILE = "ebus/ebus-Info.plist";
				IPHONEOS_DEPLOYMENT_TARGET = 6.0;
				PRODUCT_NAME = "$(TARGET_NAME)";
				WRAPPER_EXTENSION = app;
			};
			name = Release;
		};
/* End XCBuildConfiguration section */

/* Begin XCConfigurationList section */
		DB2DA3B8170214F10001BB87 /* Build configuration list for PBXProject "ebus" */ = {
			isa = XCConfigurationList;
			buildConfigurations = (
				DB2DA3DE170214F10001BB87 /* Debug */,
				DB2DA3DF170214F10001BB87 /* Release */,
			);
			defaultConfigurationIsVisible = 0;
			defaultConfigurationName = Release;
		};
		DB2DA3E0170214F10001BB87 /* Build configuration list for PBXNativeTarget "ebus" */ = {
			isa = XCConfigurationList;
			buildConfigurations = (
				DB2DA3E1170214F10001BB87 /* Debug */,
				DB2DA3E2170214F10001BB87 /* Release */,
			);
			defaultConfigurationIsVisible = 0;
			defaultConfigurationName = Release;
		};
/* End XCConfigurationList section */
	};
	rootObject = DB2DA3B5170214F10001BB87 /* Project object */;
}
